// !$*UTF8*$!
{
	archiveVersion = 1;
	classes = {
	};
	objectVersion = 56;
	objects = {

/* Begin PBXBuildFile section */
		041DD70B29626D34000B34EC /* AppDelegate.swift in Sources */ = {isa = PBXBuildFile; fileRef = 041DD70A29626D34000B34EC /* AppDelegate.swift */; };
		041DD70D29626D34000B34EC /* ViewController.swift in Sources */ = {isa = PBXBuildFile; fileRef = 041DD70C29626D34000B34EC /* ViewController.swift */; };
		041DD71029626D34000B34EC /* WTCU___.xcdatamodeld in Sources */ = {isa = PBXBuildFile; fileRef = 041DD70E29626D34000B34EC /* WTCU___.xcdatamodeld */; };
		041DD71229626D35000B34EC /* Assets.xcassets in Resources */ = {isa = PBXBuildFile; fileRef = 041DD71129626D35000B34EC /* Assets.xcassets */; };
		041DD71529626D35000B34EC /* Main.storyboard in Resources */ = {isa = PBXBuildFile; fileRef = 041DD71329626D35000B34EC /* Main.storyboard */; };
		041DD72029626D36000B34EC /* WTCU___Tests.swift in Sources */ = {isa = PBXBuildFile; fileRef = 041DD71F29626D36000B34EC /* WTCU___Tests.swift */; };
		041DD72A29626D36000B34EC /* WTCU___UITests.swift in Sources */ = {isa = PBXBuildFile; fileRef = 041DD72929626D36000B34EC /* WTCU___UITests.swift */; };
		041DD72C29626D36000B34EC /* WTCU___UITestsLaunchTests.swift in Sources */ = {isa = PBXBuildFile; fileRef = 041DD72B29626D36000B34EC /* WTCU___UITestsLaunchTests.swift */; };
		041DD75A296275C0000B34EC /* WidgetKit.framework in Frameworks */ = {isa = PBXBuildFile; fileRef = 041DD759296275C0000B34EC /* WidgetKit.framework */; };
		041DD75C296275C0000B34EC /* SwiftUI.framework in Frameworks */ = {isa = PBXBuildFile; fileRef = 041DD75B296275C0000B34EC /* SwiftUI.framework */; };
		041DD75F296275C0000B34EC /* WTCU.swift in Sources */ = {isa = PBXBuildFile; fileRef = 041DD75E296275C0000B34EC /* WTCU.swift */; };
		041DD762296275C2000B34EC /* Assets.xcassets in Resources */ = {isa = PBXBuildFile; fileRef = 041DD761296275C2000B34EC /* Assets.xcassets */; };
		041DD765296275C2000B34EC /* WTCU.intentdefinition in Sources */ = {isa = PBXBuildFile; fileRef = 041DD760296275C0000B34EC /* WTCU.intentdefinition */; };
		041DD766296275C2000B34EC /* WTCU.intentdefinition in Sources */ = {isa = PBXBuildFile; fileRef = 041DD760296275C0000B34EC /* WTCU.intentdefinition */; };
		041DD769296275C2000B34EC /* WTCUExtension.appex in Embed Foundation Extensions */ = {isa = PBXBuildFile; fileRef = 041DD757296275C0000B34EC /* WTCUExtension.appex */; settings = {ATTRIBUTES = (RemoveHeadersOnCopy, ); }; };
/* End PBXBuildFile section */

/* Begin PBXContainerItemProxy section */
		041DD71C29626D36000B34EC /* PBXContainerItemProxy */ = {
			isa = PBXContainerItemProxy;
			containerPortal = 041DD6FF29626D34000B34EC /* Project object */;
			proxyType = 1;
			remoteGlobalIDString = 041DD70629626D34000B34EC;
			remoteInfo = "WTCU小助手";
		};
		041DD72629626D36000B34EC /* PBXContainerItemProxy */ = {
			isa = PBXContainerItemProxy;
			containerPortal = 041DD6FF29626D34000B34EC /* Project object */;
			proxyType = 1;
			remoteGlobalIDString = 041DD70629626D34000B34EC;
			remoteInfo = "WTCU小助手";
		};
		041DD767296275C2000B34EC /* PBXContainerItemProxy */ = {
			isa = PBXContainerItemProxy;
			containerPortal = 041DD6FF29626D34000B34EC /* Project object */;
			proxyType = 1;
			remoteGlobalIDString = 041DD756296275C0000B34EC;
			remoteInfo = WTCUExtension;
		};
/* End PBXContainerItemProxy section */

/* Begin PBXCopyFilesBuildPhase section */
		041DD76A296275C2000B34EC /* Embed Foundation Extensions */ = {
			isa = PBXCopyFilesBuildPhase;
			buildActionMask = 2147483647;
			dstPath = "";
			dstSubfolderSpec = 13;
			files = (
				041DD769296275C2000B34EC /* WTCUExtension.appex in Embed Foundation Extensions */,
			);
			name = "Embed Foundation Extensions";
			runOnlyForDeploymentPostprocessing = 0;
		};
/* End PBXCopyFilesBuildPhase section */

/* Begin PBXFileReference section */
		041DD70729626D34000B34EC /* WTCU小助手.app */ = {isa = PBXFileReference; explicitFileType = wrapper.application; includeInIndex = 0; path = "WTCU小助手.app"; sourceTree = BUILT_PRODUCTS_DIR; };
		041DD70A29626D34000B34EC /* AppDelegate.swift */ = {isa = PBXFileReference; lastKnownFileType = sourcecode.swift; path = AppDelegate.swift; sourceTree = "<group>"; };
		041DD70C29626D34000B34EC /* ViewController.swift */ = {isa = PBXFileReference; lastKnownFileType = sourcecode.swift; path = ViewController.swift; sourceTree = "<group>"; };
		041DD70F29626D34000B34EC /* WTCU___.xcdatamodel */ = {isa = PBXFileReference; lastKnownFileType = wrapper.xcdatamodel; path = "WTCU___.xcdatamodel"; sourceTree = "<group>"; };
		041DD71129626D35000B34EC /* Assets.xcassets */ = {isa = PBXFileReference; lastKnownFileType = folder.assetcatalog; path = Assets.xcassets; sourceTree = "<group>"; };
		041DD71429626D35000B34EC /* Base */ = {isa = PBXFileReference; lastKnownFileType = file.storyboard; name = Base; path = Base.lproj/Main.storyboard; sourceTree = "<group>"; };
		041DD71629626D36000B34EC /* WTCU___.entitlements */ = {isa = PBXFileReference; lastKnownFileType = text.plist.entitlements; path = "WTCU___.entitlements"; sourceTree = "<group>"; };
		041DD71B29626D36000B34EC /* WTCU小助手Tests.xctest */ = {isa = PBXFileReference; explicitFileType = wrapper.cfbundle; includeInIndex = 0; path = "WTCU小助手Tests.xctest"; sourceTree = BUILT_PRODUCTS_DIR; };
		041DD71F29626D36000B34EC /* WTCU___Tests.swift */ = {isa = PBXFileReference; lastKnownFileType = sourcecode.swift; path = "WTCU___Tests.swift"; sourceTree = "<group>"; };
		041DD72529626D36000B34EC /* WTCU小助手UITests.xctest */ = {isa = PBXFileReference; explicitFileType = wrapper.cfbundle; includeInIndex = 0; path = "WTCU小助手UITests.xctest"; sourceTree = BUILT_PRODUCTS_DIR; };
		041DD72929626D36000B34EC /* WTCU___UITests.swift */ = {isa = PBXFileReference; lastKnownFileType = sourcecode.swift; path = "WTCU___UITests.swift"; sourceTree = "<group>"; };
		041DD72B29626D36000B34EC /* WTCU___UITestsLaunchTests.swift */ = {isa = PBXFileReference; lastKnownFileType = sourcecode.swift; path = "WTCU___UITestsLaunchTests.swift"; sourceTree = "<group>"; };
		041DD757296275C0000B34EC /* WTCUExtension.appex */ = {isa = PBXFileReference; explicitFileType = "wrapper.app-extension"; includeInIndex = 0; path = WTCUExtension.appex; sourceTree = BUILT_PRODUCTS_DIR; };
		041DD759296275C0000B34EC /* WidgetKit.framework */ = {isa = PBXFileReference; lastKnownFileType = wrapper.framework; name = WidgetKit.framework; path = System/Library/Frameworks/WidgetKit.framework; sourceTree = SDKROOT; };
		041DD75B296275C0000B34EC /* SwiftUI.framework */ = {isa = PBXFileReference; lastKnownFileType = wrapper.framework; name = SwiftUI.framework; path = System/Library/Frameworks/SwiftUI.framework; sourceTree = SDKROOT; };
		041DD75E296275C0000B34EC /* WTCU.swift */ = {isa = PBXFileReference; lastKnownFileType = sourcecode.swift; path = WTCU.swift; sourceTree = "<group>"; };
		041DD760296275C0000B34EC /* WTCU.intentdefinition */ = {isa = PBXFileReference; lastKnownFileType = file.intentdefinition; path = WTCU.intentdefinition; sourceTree = "<group>"; };
		041DD761296275C2000B34EC /* Assets.xcassets */ = {isa = PBXFileReference; lastKnownFileType = folder.assetcatalog; path = Assets.xcassets; sourceTree = "<group>"; };
		041DD763296275C2000B34EC /* Info.plist */ = {isa = PBXFileReference; lastKnownFileType = text.plist.xml; path = Info.plist; sourceTree = "<group>"; };
		041DD764296275C2000B34EC /* WTCU.entitlements */ = {isa = PBXFileReference; lastKnownFileType = text.plist.entitlements; path = WTCU.entitlements; sourceTree = "<group>"; };
		041DD76E29627F8B000B34EC /* logo.JPG */ = {isa = PBXFileReference; lastKnownFileType = image.jpeg; path = logo.JPG; sourceTree = "<group>"; };
/* End PBXFileReference section */

/* Begin PBXFrameworksBuildPhase section */
		041DD70429626D34000B34EC /* Frameworks */ = {
			isa = PBXFrameworksBuildPhase;
			buildActionMask = 2147483647;
			files = (
			);
			runOnlyForDeploymentPostprocessing = 0;
		};
		041DD71829626D36000B34EC /* Frameworks */ = {
			isa = PBXFrameworksBuildPhase;
			buildActionMask = 2147483647;
			files = (
			);
			runOnlyForDeploymentPostprocessing = 0;
		};
		041DD72229626D36000B34EC /* Frameworks */ = {
			isa = PBXFrameworksBuildPhase;
			buildActionMask = 2147483647;
			files = (
			);
			runOnlyForDeploymentPostprocessing = 0;
		};
		041DD754296275C0000B34EC /* Frameworks */ = {
			isa = PBXFrameworksBuildPhase;
			buildActionMask = 2147483647;
			files = (
				041DD75C296275C0000B34EC /* SwiftUI.framework in Frameworks */,
				041DD75A296275C0000B34EC /* WidgetKit.framework in Frameworks */,
			);
			runOnlyForDeploymentPostprocessing = 0;
		};
/* End PBXFrameworksBuildPhase section */

/* Begin PBXGroup section */
		041DD6FE29626D34000B34EC = {
			isa = PBXGroup;
			children = (
				041DD70929626D34000B34EC /* WTCU小助手 */,
				041DD71E29626D36000B34EC /* WTCU小助手Tests */,
				041DD72829626D36000B34EC /* WTCU小助手UITests */,
				041DD75D296275C0000B34EC /* WTCU */,
				041DD758296275C0000B34EC /* Frameworks */,
				041DD70829626D34000B34EC /* Products */,
			);
			sourceTree = "<group>";
		};
		041DD70829626D34000B34EC /* Products */ = {
			isa = PBXGroup;
			children = (
				041DD70729626D34000B34EC /* WTCU小助手.app */,
				041DD71B29626D36000B34EC /* WTCU小助手Tests.xctest */,
				041DD72529626D36000B34EC /* WTCU小助手UITests.xctest */,
				041DD757296275C0000B34EC /* WTCUExtension.appex */,
			);
			name = Products;
			sourceTree = "<group>";
		};
		041DD70929626D34000B34EC /* WTCU小助手 */ = {
			isa = PBXGroup;
			children = (
				041DD70A29626D34000B34EC /* AppDelegate.swift */,
				041DD70C29626D34000B34EC /* ViewController.swift */,
				041DD71129626D35000B34EC /* Assets.xcassets */,
				041DD71329626D35000B34EC /* Main.storyboard */,
				041DD71629626D36000B34EC /* WTCU___.entitlements */,
				041DD70E29626D34000B34EC /* WTCU___.xcdatamodeld */,
			);
			path = "WTCU小助手";
			sourceTree = "<group>";
		};
		041DD71E29626D36000B34EC /* WTCU小助手Tests */ = {
			isa = PBXGroup;
			children = (
				041DD71F29626D36000B34EC /* WTCU___Tests.swift */,
			);
			path = "WTCU小助手Tests";
			sourceTree = "<group>";
		};
		041DD72829626D36000B34EC /* WTCU小助手UITests */ = {
			isa = PBXGroup;
			children = (
				041DD72929626D36000B34EC /* WTCU___UITests.swift */,
				041DD72B29626D36000B34EC /* WTCU___UITestsLaunchTests.swift */,
			);
			path = "WTCU小助手UITests";
			sourceTree = "<group>";
		};
		041DD758296275C0000B34EC /* Frameworks */ = {
			isa = PBXGroup;
			children = (
				041DD759296275C0000B34EC /* WidgetKit.framework */,
				041DD75B296275C0000B34EC /* SwiftUI.framework */,
			);
			name = Frameworks;
			sourceTree = "<group>";
		};
		041DD75D296275C0000B34EC /* WTCU */ = {
			isa = PBXGroup;
			children = (
				041DD75E296275C0000B34EC /* WTCU.swift */,
				041DD76E29627F8B000B34EC /* logo.JPG */,
				041DD760296275C0000B34EC /* WTCU.intentdefinition */,
				041DD761296275C2000B34EC /* Assets.xcassets */,
				041DD763296275C2000B34EC /* Info.plist */,
				041DD764296275C2000B34EC /* WTCU.entitlements */,
			);
			path = WTCU;
			sourceTree = "<group>";
		};
/* End PBXGroup section */

/* Begin PBXNativeTarget section */
		041DD70629626D34000B34EC /* WTCU小助手 */ = {
			isa = PBXNativeTarget;
			buildConfigurationList = 041DD72F29626D36000B34EC /* Build configuration list for PBXNativeTarget "WTCU小助手" */;
			buildPhases = (
				041DD70329626D34000B34EC /* Sources */,
				041DD70429626D34000B34EC /* Frameworks */,
				041DD70529626D34000B34EC /* Resources */,
				041DD76A296275C2000B34EC /* Embed Foundation Extensions */,
			);
			buildRules = (
			);
			dependencies = (
				041DD768296275C2000B34EC /* PBXTargetDependency */,
			);
			name = "WTCU小助手";
			productName = "WTCU小助手";
			productReference = 041DD70729626D34000B34EC /* WTCU小助手.app */;
			productType = "com.apple.product-type.application";
		};
		041DD71A29626D36000B34EC /* WTCU小助手Tests */ = {
			isa = PBXNativeTarget;
			buildConfigurationList = 041DD73229626D36000B34EC /* Build configuration list for PBXNativeTarget "WTCU小助手Tests" */;
			buildPhases = (
				041DD71729626D36000B34EC /* Sources */,
				041DD71829626D36000B34EC /* Frameworks */,
				041DD71929626D36000B34EC /* Resources */,
			);
			buildRules = (
			);
			dependencies = (
				041DD71D29626D36000B34EC /* PBXTargetDependency */,
			);
			name = "WTCU小助手Tests";
			productName = "WTCU小助手Tests";
			productReference = 041DD71B29626D36000B34EC /* WTCU小助手Tests.xctest */;
			productType = "com.apple.product-type.bundle.unit-test";
		};
		041DD72429626D36000B34EC /* WTCU小助手UITests */ = {
			isa = PBXNativeTarget;
			buildConfigurationList = 041DD73529626D36000B34EC /* Build configuration list for PBXNativeTarget "WTCU小助手UITests" */;
			buildPhases = (
				041DD72129626D36000B34EC /* Sources */,
				041DD72229626D36000B34EC /* Frameworks */,
				041DD72329626D36000B34EC /* Resources */,
			);
			buildRules = (
			);
			dependencies = (
				041DD72729626D36000B34EC /* PBXTargetDependency */,
			);
			name = "WTCU小助手UITests";
			productName = "WTCU小助手UITests";
			productReference = 041DD72529626D36000B34EC /* WTCU小助手UITests.xctest */;
			productType = "com.apple.product-type.bundle.ui-testing";
		};
		041DD756296275C0000B34EC /* WTCUExtension */ = {
			isa = PBXNativeTarget;
			buildConfigurationList = 041DD76D296275C2000B34EC /* Build configuration list for PBXNativeTarget "WTCUExtension" */;
			buildPhases = (
				041DD753296275C0000B34EC /* Sources */,
				041DD754296275C0000B34EC /* Frameworks */,
				041DD755296275C0000B34EC /* Resources */,
			);
			buildRules = (
			);
			dependencies = (
			);
			name = WTCUExtension;
			productName = WTCUExtension;
			productReference = 041DD757296275C0000B34EC /* WTCUExtension.appex */;
			productType = "com.apple.product-type.app-extension";
		};
/* End PBXNativeTarget section */

/* Begin PBXProject section */
		041DD6FF29626D34000B34EC /* Project object */ = {
			isa = PBXProject;
			attributes = {
				BuildIndependentTargetsInParallel = 1;
				LastSwiftUpdateCheck = 1420;
				LastUpgradeCheck = 1420;
				TargetAttributes = {
					041DD70629626D34000B34EC = {
						CreatedOnToolsVersion = 14.2;
					};
					041DD71A29626D36000B34EC = {
						CreatedOnToolsVersion = 14.2;
						TestTargetID = 041DD70629626D34000B34EC;
					};
					041DD72429626D36000B34EC = {
						CreatedOnToolsVersion = 14.2;
						TestTargetID = 041DD70629626D34000B34EC;
					};
					041DD756296275C0000B34EC = {
						CreatedOnToolsVersion = 14.2;
					};
				};
			};
			buildConfigurationList = 041DD70229626D34000B34EC /* Build configuration list for PBXProject "WTCU小助手" */;
			compatibilityVersion = "Xcode 14.0";
			developmentRegion = en;
			hasScannedForEncodings = 0;
			knownRegions = (
				en,
				Base,
			);
			mainGroup = 041DD6FE29626D34000B34EC;
			productRefGroup = 041DD70829626D34000B34EC /* Products */;
			projectDirPath = "";
			projectRoot = "";
			targets = (
				041DD70629626D34000B34EC /* WTCU小助手 */,
				041DD71A29626D36000B34EC /* WTCU小助手Tests */,
				041DD72429626D36000B34EC /* WTCU小助手UITests */,
				041DD756296275C0000B34EC /* WTCUExtension */,
			);
		};
/* End PBXProject section */

/* Begin PBXResourcesBuildPhase section */
		041DD70529626D34000B34EC /* Resources */ = {
			isa = PBXResourcesBuildPhase;
			buildActionMask = 2147483647;
			files = (
				041DD71229626D35000B34EC /* Assets.xcassets in Resources */,
				041DD71529626D35000B34EC /* Main.storyboard in Resources */,
			);
			runOnlyForDeploymentPostprocessing = 0;
		};
		041DD71929626D36000B34EC /* Resources */ = {
			isa = PBXResourcesBuildPhase;
			buildActionMask = 2147483647;
			files = (
			);
			runOnlyForDeploymentPostprocessing = 0;
		};
		041DD72329626D36000B34EC /* Resources */ = {
			isa = PBXResourcesBuildPhase;
			buildActionMask = 2147483647;
			files = (
			);
			runOnlyForDeploymentPostprocessing = 0;
		};
		041DD755296275C0000B34EC /* Resources */ = {
			isa = PBXResourcesBuildPhase;
			buildActionMask = 2147483647;
			files = (
				041DD762296275C2000B34EC /* Assets.xcassets in Resources */,
			);
			runOnlyForDeploymentPostprocessing = 0;
		};
/* End PBXResourcesBuildPhase section */

/* Begin PBXSourcesBuildPhase section */
		041DD70329626D34000B34EC /* Sources */ = {
			isa = PBXSourcesBuildPhase;
			buildActionMask = 2147483647;
			files = (
				041DD70D29626D34000B34EC /* ViewController.swift in Sources */,
				041DD766296275C2000B34EC /* WTCU.intentdefinition in Sources */,
				041DD71029626D34000B34EC /* WTCU___.xcdatamodeld in Sources */,
				041DD70B29626D34000B34EC /* AppDelegate.swift in Sources */,
			);
			runOnlyForDeploymentPostprocessing = 0;
		};
		041DD71729626D36000B34EC /* Sources */ = {
			isa = PBXSourcesBuildPhase;
			buildActionMask = 2147483647;
			files = (
				041DD72029626D36000B34EC /* WTCU___Tests.swift in Sources */,
			);
			runOnlyForDeploymentPostprocessing = 0;
		};
		041DD72129626D36000B34EC /* Sources */ = {
			isa = PBXSourcesBuildPhase;
			buildActionMask = 2147483647;
			files = (
				041DD72A29626D36000B34EC /* WTCU___UITests.swift in Sources */,
				041DD72C29626D36000B34EC /* WTCU___UITestsLaunchTests.swift in Sources */,
			);
			runOnlyForDeploymentPostprocessing = 0;
		};
		041DD753296275C0000B34EC /* Sources */ = {
			isa = PBXSourcesBuildPhase;
			buildActionMask = 2147483647;
			files = (
				041DD75F296275C0000B34EC /* WTCU.swift in Sources */,
				041DD765296275C2000B34EC /* WTCU.intentdefinition in Sources */,
			);
			runOnlyForDeploymentPostprocessing = 0;
		};
/* End PBXSourcesBuildPhase section */

/* Begin PBXTargetDependency section */
		041DD71D29626D36000B34EC /* PBXTargetDependency */ = {
			isa = PBXTargetDependency;
			target = 041DD70629626D34000B34EC /* WTCU小助手 */;
			targetProxy = 041DD71C29626D36000B34EC /* PBXContainerItemProxy */;
		};
		041DD72729626D36000B34EC /* PBXTargetDependency */ = {
			isa = PBXTargetDependency;
			target = 041DD70629626D34000B34EC /* WTCU小助手 */;
			targetProxy = 041DD72629626D36000B34EC /* PBXContainerItemProxy */;
		};
		041DD768296275C2000B34EC /* PBXTargetDependency */ = {
			isa = PBXTargetDependency;
			target = 041DD756296275C0000B34EC /* WTCUExtension */;
			targetProxy = 041DD767296275C2000B34EC /* PBXContainerItemProxy */;
		};
/* End PBXTargetDependency section */

/* Begin PBXVariantGroup section */
		041DD71329626D35000B34EC /* Main.storyboard */ = {
			isa = PBXVariantGroup;
			children = (
				041DD71429626D35000B34EC /* Base */,
			);
			name = Main.storyboard;
			sourceTree = "<group>";
		};
/* End PBXVariantGroup section */

/* Begin XCBuildConfiguration section */
		041DD72D29626D36000B34EC /* Debug */ = {
			isa = XCBuildConfiguration;
			buildSettings = {
				ALWAYS_SEARCH_USER_PATHS = NO;
				CLANG_ANALYZER_NONNULL = YES;
				CLANG_ANALYZER_NUMBER_OBJECT_CONVERSION = YES_AGGRESSIVE;
				CLANG_CXX_LANGUAGE_STANDARD = "gnu++20";
				CLANG_ENABLE_MODULES = YES;
				CLANG_ENABLE_OBJC_ARC = YES;
				CLANG_ENABLE_OBJC_WEAK = YES;
				CLANG_WARN_BLOCK_CAPTURE_AUTORELEASING = YES;
				CLANG_WARN_BOOL_CONVERSION = YES;
				CLANG_WARN_COMMA = YES;
				CLANG_WARN_CONSTANT_CONVERSION = YES;
				CLANG_WARN_DEPRECATED_OBJC_IMPLEMENTATIONS = YES;
				CLANG_WARN_DIRECT_OBJC_ISA_USAGE = YES_ERROR;
				CLANG_WARN_DOCUMENTATION_COMMENTS = YES;
				CLANG_WARN_EMPTY_BODY = YES;
				CLANG_WARN_ENUM_CONVERSION = YES;
				CLANG_WARN_INFINITE_RECURSION = YES;
				CLANG_WARN_INT_CONVERSION = YES;
				CLANG_WARN_NON_LITERAL_NULL_CONVERSION = YES;
				CLANG_WARN_OBJC_IMPLICIT_RETAIN_SELF = YES;
				CLANG_WARN_OBJC_LITERAL_CONVERSION = YES;
				CLANG_WARN_OBJC_ROOT_CLASS = YES_ERROR;
				CLANG_WARN_QUOTED_INCLUDE_IN_FRAMEWORK_HEADER = YES;
				CLANG_WARN_RANGE_LOOP_ANALYSIS = YES;
				CLANG_WARN_STRICT_PROTOTYPES = YES;
				CLANG_WARN_SUSPICIOUS_MOVE = YES;
				CLANG_WARN_UNGUARDED_AVAILABILITY = YES_AGGRESSIVE;
				CLANG_WARN_UNREACHABLE_CODE = YES;
				CLANG_WARN__DUPLICATE_METHOD_MATCH = YES;
				COPY_PHASE_STRIP = NO;
				DEBUG_INFORMATION_FORMAT = dwarf;
				ENABLE_STRICT_OBJC_MSGSEND = YES;
				ENABLE_TESTABILITY = YES;
				GCC_C_LANGUAGE_STANDARD = gnu11;
				GCC_DYNAMIC_NO_PIC = NO;
				GCC_NO_COMMON_BLOCKS = YES;
				GCC_OPTIMIZATION_LEVEL = 0;
				GCC_PREPROCESSOR_DEFINITIONS = (
					"DEBUG=1",
					"$(inherited)",
				);
				GCC_WARN_64_TO_32_BIT_CONVERSION = YES;
				GCC_WARN_ABOUT_RETURN_TYPE = YES_ERROR;
				GCC_WARN_UNDECLARED_SELECTOR = YES;
				GCC_WARN_UNINITIALIZED_AUTOS = YES_AGGRESSIVE;
				GCC_WARN_UNUSED_FUNCTION = YES;
				GCC_WARN_UNUSED_VARIABLE = YES;
				MACOSX_DEPLOYMENT_TARGET = 13.1;
				MTL_ENABLE_DEBUG_INFO = INCLUDE_SOURCE;
				MTL_FAST_MATH = YES;
				ONLY_ACTIVE_ARCH = YES;
				SDKROOT = macosx;
				SWIFT_ACTIVE_COMPILATION_CONDITIONS = DEBUG;
				SWIFT_OPTIMIZATION_LEVEL = "-Onone";
			};
			name = Debug;
		};
		041DD72E29626D36000B34EC /* Release */ = {
			isa = XCBuildConfiguration;
			buildSettings = {
				ALWAYS_SEARCH_USER_PATHS = NO;
				CLANG_ANALYZER_NONNULL = YES;
				CLANG_ANALYZER_NUMBER_OBJECT_CONVERSION = YES_AGGRESSIVE;
				CLANG_CXX_LANGUAGE_STANDARD = "gnu++20";
				CLANG_ENABLE_MODULES = YES;
				CLANG_ENABLE_OBJC_ARC = YES;
				CLANG_ENABLE_OBJC_WEAK = YES;
				CLANG_WARN_BLOCK_CAPTURE_AUTORELEASING = YES;
				CLANG_WARN_BOOL_CONVERSION = YES;
				CLANG_WARN_COMMA = YES;
				CLANG_WARN_CONSTANT_CONVERSION = YES;
				CLANG_WARN_DEPRECATED_OBJC_IMPLEMENTATIONS = YES;
				CLANG_WARN_DIRECT_OBJC_ISA_USAGE = YES_ERROR;
				CLANG_WARN_DOCUMENTATION_COMMENTS = YES;
				CLANG_WARN_EMPTY_BODY = YES;
				CLANG_WARN_ENUM_CONVERSION = YES;
				CLANG_WARN_INFINITE_RECURSION = YES;
				CLANG_WARN_INT_CONVERSION = YES;
				CLANG_WARN_NON_LITERAL_NULL_CONVERSION = YES;
				CLANG_WARN_OBJC_IMPLICIT_RETAIN_SELF = YES;
				CLANG_WARN_OBJC_LITERAL_CONVERSION = YES;
				CLANG_WARN_OBJC_ROOT_CLASS = YES_ERROR;
				CLANG_WARN_QUOTED_INCLUDE_IN_FRAMEWORK_HEADER = YES;
				CLANG_WARN_RANGE_LOOP_ANALYSIS = YES;
				CLANG_WARN_STRICT_PROTOTYPES = YES;
				CLANG_WARN_SUSPICIOUS_MOVE = YES;
				CLANG_WARN_UNGUARDED_AVAILABILITY = YES_AGGRESSIVE;
				CLANG_WARN_UNREACHABLE_CODE = YES;
				CLANG_WARN__DUPLICATE_METHOD_MATCH = YES;
				COPY_PHASE_STRIP = NO;
				DEBUG_INFORMATION_FORMAT = "dwarf-with-dsym";
				ENABLE_NS_ASSERTIONS = NO;
				ENABLE_STRICT_OBJC_MSGSEND = YES;
				GCC_C_LANGUAGE_STANDARD = gnu11;
				GCC_NO_COMMON_BLOCKS = YES;
				GCC_WARN_64_TO_32_BIT_CONVERSION = YES;
				GCC_WARN_ABOUT_RETURN_TYPE = YES_ERROR;
				GCC_WARN_UNDECLARED_SELECTOR = YES;
				GCC_WARN_UNINITIALIZED_AUTOS = YES_AGGRESSIVE;
				GCC_WARN_UNUSED_FUNCTION = YES;
				GCC_WARN_UNUSED_VARIABLE = YES;
				MACOSX_DEPLOYMENT_TARGET = 13.1;
				MTL_ENABLE_DEBUG_INFO = NO;
				MTL_FAST_MATH = YES;
				SDKROOT = macosx;
				SWIFT_COMPILATION_MODE = wholemodule;
				SWIFT_OPTIMIZATION_LEVEL = "-O";
			};
			name = Release;
		};
		041DD73029626D36000B34EC /* Debug */ = {
			isa = XCBuildConfiguration;
			buildSettings = {
				ALWAYS_EMBED_SWIFT_STANDARD_LIBRARIES = YES;
				ASSETCATALOG_COMPILER_APPICON_NAME = AppIcon;
				ASSETCATALOG_COMPILER_GLOBAL_ACCENT_COLOR_NAME = AccentColor;
				CODE_SIGN_ENTITLEMENTS = "WTCU小助手/WTCU___.entitlements";
				CODE_SIGN_STYLE = Automatic;
				COMBINE_HIDPI_IMAGES = YES;
				CURRENT_PROJECT_VERSION = 1;
				GENERATE_INFOPLIST_FILE = YES;
				INFOPLIST_KEY_NSHumanReadableCopyright = "";
				INFOPLIST_KEY_NSMainStoryboardFile = Main;
				INFOPLIST_KEY_NSPrincipalClass = NSApplication;
				LD_RUNPATH_SEARCH_PATHS = (
					"$(inherited)",
					"@executable_path/../Frameworks",
				);
				MARKETING_VERSION = 1.0;
				PRODUCT_BUNDLE_IDENTIFIER = "PangXitong.WTCU---";
				PRODUCT_NAME = "$(TARGET_NAME)";
				SWIFT_EMIT_LOC_STRINGS = YES;
				SWIFT_VERSION = 5.0;
			};
			name = Debug;
		};
		041DD73129626D36000B34EC /* Release */ = {
			isa = XCBuildConfiguration;
			buildSettings = {
				ALWAYS_EMBED_SWIFT_STANDARD_LIBRARIES = YES;
				ASSETCATALOG_COMPILER_APPICON_NAME = AppIcon;
				ASSETCATALOG_COMPILER_GLOBAL_ACCENT_COLOR_NAME = AccentColor;
				CODE_SIGN_ENTITLEMENTS = "WTCU小助手/WTCU___.entitlements";
				CODE_SIGN_STYLE = Automatic;
				COMBINE_HIDPI_IMAGES = YES;
				CURRENT_PROJECT_VERSION = 1;
				GENERATE_INFOPLIST_FILE = YES;
				INFOPLIST_KEY_NSHumanReadableCopyright = "";
				INFOPLIST_KEY_NSMainStoryboardFile = Main;
				INFOPLIST_KEY_NSPrincipalClass = NSApplication;
				LD_RUNPATH_SEARCH_PATHS = (
					"$(inherited)",
					"@executable_path/../Frameworks",
				);
				MARKETING_VERSION = 1.0;
				PRODUCT_BUNDLE_IDENTIFIER = "PangXitong.WTCU---";
				PRODUCT_NAME = "$(TARGET_NAME)";
				SWIFT_EMIT_LOC_STRINGS = YES;
				SWIFT_VERSION = 5.0;
			};
			name = Release;
		};
		041DD73329626D36000B34EC /* Debug */ = {
			isa = XCBuildConfiguration;
			buildSettings = {
				ALWAYS_EMBED_SWIFT_STANDARD_LIBRARIES = YES;
				BUNDLE_LOADER = "$(TEST_HOST)";
				CODE_SIGN_STYLE = Automatic;
				CURRENT_PROJECT_VERSION = 1;
				GENERATE_INFOPLIST_FILE = YES;
				MACOSX_DEPLOYMENT_TARGET = 13.1;
				MARKETING_VERSION = 1.0;
				PRODUCT_BUNDLE_IDENTIFIER = "PangXitong.WTCU---Tests";
				PRODUCT_NAME = "$(TARGET_NAME)";
				SWIFT_EMIT_LOC_STRINGS = NO;
				SWIFT_VERSION = 5.0;
				TEST_HOST = "$(BUILT_PRODUCTS_DIR)/WTCU小助手.app/$(BUNDLE_EXECUTABLE_FOLDER_PATH)/WTCU小助手";
			};
			name = Debug;
		};
		041DD73429626D36000B34EC /* Release */ = {
			isa = XCBuildConfiguration;
			buildSettings = {
				ALWAYS_EMBED_SWIFT_STANDARD_LIBRARIES = YES;
				BUNDLE_LOADER = "$(TEST_HOST)";
				CODE_SIGN_STYLE = Automatic;
				CURRENT_PROJECT_VERSION = 1;
				GENERATE_INFOPLIST_FILE = YES;
				MACOSX_DEPLOYMENT_TARGET = 13.1;
				MARKETING_VERSION = 1.0;
				PRODUCT_BUNDLE_IDENTIFIER = "PangXitong.WTCU---Tests";
				PRODUCT_NAME = "$(TARGET_NAME)";
				SWIFT_EMIT_LOC_STRINGS = NO;
				SWIFT_VERSION = 5.0;
				TEST_HOST = "$(BUILT_PRODUCTS_DIR)/WTCU小助手.app/$(BUNDLE_EXECUTABLE_FOLDER_PATH)/WTCU小助手";
			};
			name = Release;
		};
		041DD73629626D36000B34EC /* Debug */ = {
			isa = XCBuildConfiguration;
			buildSettings = {
				ALWAYS_EMBED_SWIFT_STANDARD_LIBRARIES = YES;
				CODE_SIGN_STYLE = Automatic;
				CURRENT_PROJECT_VERSION = 1;
				GENERATE_INFOPLIST_FILE = YES;
				MARKETING_VERSION = 1.0;
				PRODUCT_BUNDLE_IDENTIFIER = "PangXitong.WTCU---UITests";
				PRODUCT_NAME = "$(TARGET_NAME)";
				SWIFT_EMIT_LOC_STRINGS = NO;
				SWIFT_VERSION = 5.0;
				TEST_TARGET_NAME = "WTCU小助手";
			};
			name = Debug;
		};
		041DD73729626D36000B34EC /* Release */ = {
			isa = XCBuildConfiguration;
			buildSettings = {
				ALWAYS_EMBED_SWIFT_STANDARD_LIBRARIES = YES;
				CODE_SIGN_STYLE = Automatic;
				CURRENT_PROJECT_VERSION = 1;
				GENERATE_INFOPLIST_FILE = YES;
				MARKETING_VERSION = 1.0;
				PRODUCT_BUNDLE_IDENTIFIER = "PangXitong.WTCU---UITests";
				PRODUCT_NAME = "$(TARGET_NAME)";
				SWIFT_EMIT_LOC_STRINGS = NO;
				SWIFT_VERSION = 5.0;
				TEST_TARGET_NAME = "WTCU小助手";
			};
			name = Release;
		};
		041DD76B296275C2000B34EC /* Debug */ = {
			isa = XCBuildConfiguration;
			buildSettings = {
				ASSETCATALOG_COMPILER_GLOBAL_ACCENT_COLOR_NAME = AccentColor;
				ASSETCATALOG_COMPILER_WIDGET_BACKGROUND_COLOR_NAME = WidgetBackground;
				CODE_SIGN_ENTITLEMENTS = WTCU/WTCU.entitlements;
				CODE_SIGN_STYLE = Automatic;
				CURRENT_PROJECT_VERSION = 1;
				GENERATE_INFOPLIST_FILE = YES;
				INFOPLIST_FILE = WTCU/Info.plist;
				INFOPLIST_KEY_CFBundleDisplayName = WTCU;
				INFOPLIST_KEY_NSHumanReadableCopyright = "";
				LD_RUNPATH_SEARCH_PATHS = (
					"$(inherited)",
					"@executable_path/../Frameworks",
					"@executable_path/../../../../Frameworks",
				);
				MACOSX_DEPLOYMENT_TARGET = 11.0;
				MARKETING_VERSION = 1.0;
				PRODUCT_BUNDLE_IDENTIFIER = "PangXitong.WTCU---.WTCU";
				PRODUCT_NAME = "$(TARGET_NAME)";
				SKIP_INSTALL = YES;
				SWIFT_EMIT_LOC_STRINGS = YES;
				SWIFT_VERSION = 5.0;
			};
			name = Debug;
		};
		041DD76C296275C2000B34EC /* Release */ = {
			isa = XCBuildConfiguration;
			buildSettings = {
				ASSETCATALOG_COMPILER_GLOBAL_ACCENT_COLOR_NAME = AccentColor;
				ASSETCATALOG_COMPILER_WIDGET_BACKGROUND_COLOR_NAME = WidgetBackground;
				CODE_SIGN_ENTITLEMENTS = WTCU/WTCU.entitlements;
				CODE_SIGN_STYLE = Automatic;
				CURRENT_PROJECT_VERSION = 1;
				GENERATE_INFOPLIST_FILE = YES;
				INFOPLIST_FILE = WTCU/Info.plist;
				INFOPLIST_KEY_CFBundleDisplayName = WTCU;
				INFOPLIST_KEY_NSHumanReadableCopyright = "";
				LD_RUNPATH_SEARCH_PATHS = (
					"$(inherited)",
					"@executable_path/../Frameworks",
					"@executable_path/../../../../Frameworks",
				);
				MACOSX_DEPLOYMENT_TARGET = 11.0;
				MARKETING_VERSION = 1.0;
				PRODUCT_BUNDLE_IDENTIFIER = "PangXitong.WTCU---.WTCU";
				PRODUCT_NAME = "$(TARGET_NAME)";
				SKIP_INSTALL = YES;
				SWIFT_EMIT_LOC_STRINGS = YES;
				SWIFT_VERSION = 5.0;
			};
			name = Release;
		};
/* End XCBuildConfiguration section */

/* Begin XCConfigurationList section */
		041DD70229626D34000B34EC /* Build configuration list for PBXProject "WTCU小助手" */ = {
			isa = XCConfigurationList;
			buildConfigurations = (
				041DD72D29626D36000B34EC /* Debug */,
				041DD72E29626D36000B34EC /* Release */,
			);
			defaultConfigurationIsVisible = 0;
			defaultConfigurationName = Release;
		};
		041DD72F29626D36000B34EC /* Build configuration list for PBXNativeTarget "WTCU小助手" */ = {
			isa = XCConfigurationList;
			buildConfigurations = (
				041DD73029626D36000B34EC /* Debug */,
				041DD73129626D36000B34EC /* Release */,
			);
			defaultConfigurationIsVisible = 0;
			defaultConfigurationName = Release;
		};
		041DD73229626D36000B34EC /* Build configuration list for PBXNativeTarget "WTCU小助手Tests" */ = {
			isa = XCConfigurationList;
			buildConfigurations = (
				041DD73329626D36000B34EC /* Debug */,
				041DD73429626D36000B34EC /* Release */,
			);
			defaultConfigurationIsVisible = 0;
			defaultConfigurationName = Release;
		};
		041DD73529626D36000B34EC /* Build configuration list for PBXNativeTarget "WTCU小助手UITests" */ = {
			isa = XCConfigurationList;
			buildConfigurations = (
				041DD73629626D36000B34EC /* Debug */,
				041DD73729626D36000B34EC /* Release */,
			);
			defaultConfigurationIsVisible = 0;
			defaultConfigurationName = Release;
		};
		041DD76D296275C2000B34EC /* Build configuration list for PBXNativeTarget "WTCUExtension" */ = {
			isa = XCConfigurationList;
			buildConfigurations = (
				041DD76B296275C2000B34EC /* Debug */,
				041DD76C296275C2000B34EC /* Release */,
			);
			defaultConfigurationIsVisible = 0;
			defaultConfigurationName = Release;
		};
/* End XCConfigurationList section */

/* Begin XCVersionGroup section */
		041DD70E29626D34000B34EC /* WTCU___.xcdatamodeld */ = {
			isa = XCVersionGroup;
			children = (
				041DD70F29626D34000B34EC /* WTCU___.xcdatamodel */,
			);
			currentVersion = 041DD70F29626D34000B34EC /* WTCU___.xcdatamodel */;
			path = "WTCU___.xcdatamodeld";
			sourceTree = "<group>";
			versionGroupType = wrapper.xcdatamodel;
		};
/* End XCVersionGroup section */
	};
	rootObject = 041DD6FF29626D34000B34EC /* Project object */;
}
