// !$*UTF8*$!
{
	archiveVersion = 1;
	classes = {
	};
	objectVersion = 56;
	objects = {

/* Begin PBXBuildFile section */
		04197B5F2961CA84004BC388 /* WTCGExtension.appex in Embed Foundation Extensions */ = {isa = PBXBuildFile; fileRef = 04197B4D2961CA82004BC388 /* WTCGExtension.appex */; settings = {ATTRIBUTES = (RemoveHeadersOnCopy, ); }; };
		04C2B6B829610F1C00C98931 /* AppDelegate.swift in Sources */ = {isa = PBXBuildFile; fileRef = 04C2B6B729610F1C00C98931 /* AppDelegate.swift */; };
		04C2B6BA29610F1C00C98931 /* ViewController.swift in Sources */ = {isa = PBXBuildFile; fileRef = 04C2B6B929610F1C00C98931 /* ViewController.swift */; };
		04C2B6BD29610F1C00C98931 /* macOS___.xcdatamodeld in Sources */ = {isa = PBXBuildFile; fileRef = 04C2B6BB29610F1C00C98931 /* macOS___.xcdatamodeld */; };
		04C2B6BF29610F1D00C98931 /* Assets.xcassets in Resources */ = {isa = PBXBuildFile; fileRef = 04C2B6BE29610F1D00C98931 /* Assets.xcassets */; };
		04C2B6C229610F1D00C98931 /* Main.storyboard in Resources */ = {isa = PBXBuildFile; fileRef = 04C2B6C029610F1D00C98931 /* Main.storyboard */; };
		04C2B6CD29610F1E00C98931 /* macOS___Tests.swift in Sources */ = {isa = PBXBuildFile; fileRef = 04C2B6CC29610F1E00C98931 /* macOS___Tests.swift */; };
		04C2B6D729610F1E00C98931 /* macOS___UITests.swift in Sources */ = {isa = PBXBuildFile; fileRef = 04C2B6D629610F1E00C98931 /* macOS___UITests.swift */; };
		04C2B6D929610F1E00C98931 /* macOS___UITestsLaunchTests.swift in Sources */ = {isa = PBXBuildFile; fileRef = 04C2B6D829610F1E00C98931 /* macOS___UITestsLaunchTests.swift */; };
/* End PBXBuildFile section */

/* Begin PBXContainerItemProxy section */
		04197B5D2961CA84004BC388 /* PBXContainerItemProxy */ = {
			isa = PBXContainerItemProxy;
			containerPortal = 04C2B6AC29610F1C00C98931 /* Project object */;
			proxyType = 1;
			remoteGlobalIDString = 04197B4C2961CA82004BC388;
			remoteInfo = WTCGExtension;
		};
		04C2B6C929610F1E00C98931 /* PBXContainerItemProxy */ = {
			isa = PBXContainerItemProxy;
			containerPortal = 04C2B6AC29610F1C00C98931 /* Project object */;
			proxyType = 1;
			remoteGlobalIDString = 04C2B6B329610F1C00C98931;
			remoteInfo = "macOS小助手";
		};
		04C2B6D329610F1E00C98931 /* PBXContainerItemProxy */ = {
			isa = PBXContainerItemProxy;
			containerPortal = 04C2B6AC29610F1C00C98931 /* Project object */;
			proxyType = 1;
			remoteGlobalIDString = 04C2B6B329610F1C00C98931;
			remoteInfo = "macOS小助手";
		};
/* End PBXContainerItemProxy section */

/* Begin PBXCopyFilesBuildPhase section */
		04197B602961CA84004BC388 /* Embed Foundation Extensions */ = {
			isa = PBXCopyFilesBuildPhase;
			buildActionMask = 2147483647;
			dstPath = "";
			dstSubfolderSpec = 13;
			files = (
				04197B5F2961CA84004BC388 /* WTCGExtension.appex in Embed Foundation Extensions */,
			);
			name = "Embed Foundation Extensions";
			runOnlyForDeploymentPostprocessing = 0;
		};
/* End PBXCopyFilesBuildPhase section */

/* Begin PBXFileReference section */
		04197B4D2961CA82004BC388 /* WTCGExtension.appex */ = {isa = PBXFileReference; explicitFileType = "wrapper.app-extension"; includeInIndex = 0; path = WTCGExtension.appex; sourceTree = BUILT_PRODUCTS_DIR; };
		04C2B6B429610F1C00C98931 /* WTCU小助手.app */ = {isa = PBXFileReference; explicitFileType = wrapper.application; includeInIndex = 0; path = "WTCU小助手.app"; sourceTree = BUILT_PRODUCTS_DIR; };
		04C2B6B729610F1C00C98931 /* AppDelegate.swift */ = {isa = PBXFileReference; lastKnownFileType = sourcecode.swift; path = AppDelegate.swift; sourceTree = "<group>"; };
		04C2B6B929610F1C00C98931 /* ViewController.swift */ = {isa = PBXFileReference; lastKnownFileType = sourcecode.swift; path = ViewController.swift; sourceTree = "<group>"; };
		04C2B6BC29610F1C00C98931 /* macOS___.xcdatamodel */ = {isa = PBXFileReference; lastKnownFileType = wrapper.xcdatamodel; path = "macOS___.xcdatamodel"; sourceTree = "<group>"; };
		04C2B6BE29610F1D00C98931 /* Assets.xcassets */ = {isa = PBXFileReference; lastKnownFileType = folder.assetcatalog; path = Assets.xcassets; sourceTree = "<group>"; };
		04C2B6C129610F1D00C98931 /* Base */ = {isa = PBXFileReference; lastKnownFileType = file.storyboard; name = Base; path = Base.lproj/Main.storyboard; sourceTree = "<group>"; };
		04C2B6C329610F1D00C98931 /* macOS___.entitlements */ = {isa = PBXFileReference; lastKnownFileType = text.plist.entitlements; path = "macOS___.entitlements"; sourceTree = "<group>"; };
		04C2B6C829610F1E00C98931 /* WTCU小助手Tests.xctest */ = {isa = PBXFileReference; explicitFileType = wrapper.cfbundle; includeInIndex = 0; path = "WTCU小助手Tests.xctest"; sourceTree = BUILT_PRODUCTS_DIR; };
		04C2B6CC29610F1E00C98931 /* macOS___Tests.swift */ = {isa = PBXFileReference; lastKnownFileType = sourcecode.swift; path = "macOS___Tests.swift"; sourceTree = "<group>"; };
		04C2B6D229610F1E00C98931 /* WTCU小助手UITests.xctest */ = {isa = PBXFileReference; explicitFileType = wrapper.cfbundle; includeInIndex = 0; path = "WTCU小助手UITests.xctest"; sourceTree = BUILT_PRODUCTS_DIR; };
		04C2B6D629610F1E00C98931 /* macOS___UITests.swift */ = {isa = PBXFileReference; lastKnownFileType = sourcecode.swift; path = "macOS___UITests.swift"; sourceTree = "<group>"; };
		04C2B6D829610F1E00C98931 /* macOS___UITestsLaunchTests.swift */ = {isa = PBXFileReference; lastKnownFileType = sourcecode.swift; path = "macOS___UITestsLaunchTests.swift"; sourceTree = "<group>"; };
/* End PBXFileReference section */

/* Begin PBXFrameworksBuildPhase section */
		04197B4A2961CA82004BC388 /* Frameworks */ = {
			isa = PBXFrameworksBuildPhase;
			buildActionMask = 2147483647;
			files = (
			);
			runOnlyForDeploymentPostprocessing = 0;
		};
		04C2B6B129610F1C00C98931 /* Frameworks */ = {
			isa = PBXFrameworksBuildPhase;
			buildActionMask = 2147483647;
			files = (
			);
			runOnlyForDeploymentPostprocessing = 0;
		};
		04C2B6C529610F1E00C98931 /* Frameworks */ = {
			isa = PBXFrameworksBuildPhase;
			buildActionMask = 2147483647;
			files = (
			);
			runOnlyForDeploymentPostprocessing = 0;
		};
		04C2B6CF29610F1E00C98931 /* Frameworks */ = {
			isa = PBXFrameworksBuildPhase;
			buildActionMask = 2147483647;
			files = (
			);
			runOnlyForDeploymentPostprocessing = 0;
		};
/* End PBXFrameworksBuildPhase section */

/* Begin PBXGroup section */
		04C2B6AB29610F1C00C98931 = {
			isa = PBXGroup;
			children = (
				04C2B6B629610F1C00C98931 /* macOS小助手 */,
				04C2B6CB29610F1E00C98931 /* macOS小助手Tests */,
				04C2B6D529610F1E00C98931 /* macOS小助手UITests */,
				04C2B6B529610F1C00C98931 /* Products */,
			);
			sourceTree = "<group>";
		};
		04C2B6B529610F1C00C98931 /* Products */ = {
			isa = PBXGroup;
			children = (
				04C2B6B429610F1C00C98931 /* WTCU小助手.app */,
				04C2B6C829610F1E00C98931 /* WTCU小助手Tests.xctest */,
				04C2B6D229610F1E00C98931 /* WTCU小助手UITests.xctest */,
				04197B4D2961CA82004BC388 /* WTCGExtension.appex */,
			);
			name = Products;
			sourceTree = "<group>";
		};
		04C2B6B629610F1C00C98931 /* macOS小助手 */ = {
			isa = PBXGroup;
			children = (
				04C2B6B729610F1C00C98931 /* AppDelegate.swift */,
				04C2B6B929610F1C00C98931 /* ViewController.swift */,
				04C2B6BE29610F1D00C98931 /* Assets.xcassets */,
				04C2B6C029610F1D00C98931 /* Main.storyboard */,
				04C2B6C329610F1D00C98931 /* macOS___.entitlements */,
				04C2B6BB29610F1C00C98931 /* macOS___.xcdatamodeld */,
			);
			path = "macOS小助手";
			sourceTree = "<group>";
		};
		04C2B6CB29610F1E00C98931 /* macOS小助手Tests */ = {
			isa = PBXGroup;
			children = (
				04C2B6CC29610F1E00C98931 /* macOS___Tests.swift */,
			);
			path = "macOS小助手Tests";
			sourceTree = "<group>";
		};
		04C2B6D529610F1E00C98931 /* macOS小助手UITests */ = {
			isa = PBXGroup;
			children = (
				04C2B6D629610F1E00C98931 /* macOS___UITests.swift */,
				04C2B6D829610F1E00C98931 /* macOS___UITestsLaunchTests.swift */,
			);
			path = "macOS小助手UITests";
			sourceTree = "<group>";
		};
/* End PBXGroup section */

/* Begin PBXNativeTarget section */
		04197B4C2961CA82004BC388 /* WTCGExtension */ = {
			isa = PBXNativeTarget;
			buildConfigurationList = 04197B632961CA84004BC388 /* Build configuration list for PBXNativeTarget "WTCGExtension" */;
			buildPhases = (
				04197B492961CA82004BC388 /* Sources */,
				04197B4A2961CA82004BC388 /* Frameworks */,
				04197B4B2961CA82004BC388 /* Resources */,
			);
			buildRules = (
			);
			dependencies = (
			);
			name = WTCGExtension;
			productName = WTCGExtension;
			productReference = 04197B4D2961CA82004BC388 /* WTCGExtension.appex */;
			productType = "com.apple.product-type.app-extension";
		};
		04C2B6B329610F1C00C98931 /* WTCU小助手 */ = {
			isa = PBXNativeTarget;
			buildConfigurationList = 04C2B6DC29610F1E00C98931 /* Build configuration list for PBXNativeTarget "WTCU小助手" */;
			buildPhases = (
				04C2B6B029610F1C00C98931 /* Sources */,
				04C2B6B129610F1C00C98931 /* Frameworks */,
				04C2B6B229610F1C00C98931 /* Resources */,
				04197B602961CA84004BC388 /* Embed Foundation Extensions */,
			);
			buildRules = (
			);
			dependencies = (
				04197B5E2961CA84004BC388 /* PBXTargetDependency */,
			);
			name = "WTCU小助手";
			productName = "macOS小助手";
			productReference = 04C2B6B429610F1C00C98931 /* WTCU小助手.app */;
			productType = "com.apple.product-type.application";
		};
		04C2B6C729610F1E00C98931 /* WTCU小助手Tests */ = {
			isa = PBXNativeTarget;
			buildConfigurationList = 04C2B6DF29610F1E00C98931 /* Build configuration list for PBXNativeTarget "WTCU小助手Tests" */;
			buildPhases = (
				04C2B6C429610F1E00C98931 /* Sources */,
				04C2B6C529610F1E00C98931 /* Frameworks */,
				04C2B6C629610F1E00C98931 /* Resources */,
			);
			buildRules = (
			);
			dependencies = (
				04C2B6CA29610F1E00C98931 /* PBXTargetDependency */,
			);
			name = "WTCU小助手Tests";
			productName = "macOS小助手Tests";
			productReference = 04C2B6C829610F1E00C98931 /* WTCU小助手Tests.xctest */;
			productType = "com.apple.product-type.bundle.unit-test";
		};
		04C2B6D129610F1E00C98931 /* WTCU小助手UITests */ = {
			isa = PBXNativeTarget;
			buildConfigurationList = 04C2B6E229610F1E00C98931 /* Build configuration list for PBXNativeTarget "WTCU小助手UITests" */;
			buildPhases = (
				04C2B6CE29610F1E00C98931 /* Sources */,
				04C2B6CF29610F1E00C98931 /* Frameworks */,
				04C2B6D029610F1E00C98931 /* Resources */,
			);
			buildRules = (
			);
			dependencies = (
				04C2B6D429610F1E00C98931 /* PBXTargetDependency */,
			);
			name = "WTCU小助手UITests";
			productName = "macOS小助手UITests";
			productReference = 04C2B6D229610F1E00C98931 /* WTCU小助手UITests.xctest */;
			productType = "com.apple.product-type.bundle.ui-testing";
		};
/* End PBXNativeTarget section */

/* Begin PBXProject section */
		04C2B6AC29610F1C00C98931 /* Project object */ = {
			isa = PBXProject;
			attributes = {
				BuildIndependentTargetsInParallel = 1;
				LastSwiftUpdateCheck = 1420;
				LastUpgradeCheck = 1420;
				TargetAttributes = {
					04197B4C2961CA82004BC388 = {
						CreatedOnToolsVersion = 14.2;
					};
					04C2B6B329610F1C00C98931 = {
						CreatedOnToolsVersion = 14.2;
					};
					04C2B6C729610F1E00C98931 = {
						CreatedOnToolsVersion = 14.2;
						TestTargetID = 04C2B6B329610F1C00C98931;
					};
					04C2B6D129610F1E00C98931 = {
						CreatedOnToolsVersion = 14.2;
						TestTargetID = 04C2B6B329610F1C00C98931;
					};
				};
			};
			buildConfigurationList = 04C2B6AF29610F1C00C98931 /* Build configuration list for PBXProject "WTCU小助手" */;
			compatibilityVersion = "Xcode 14.0";
			developmentRegion = en;
			hasScannedForEncodings = 0;
			knownRegions = (
				en,
				Base,
			);
			mainGroup = 04C2B6AB29610F1C00C98931;
			productRefGroup = 04C2B6B529610F1C00C98931 /* Products */;
			projectDirPath = "";
			projectRoot = "";
			targets = (
				04C2B6B329610F1C00C98931 /* WTCU小助手 */,
				04C2B6C729610F1E00C98931 /* WTCU小助手Tests */,
				04C2B6D129610F1E00C98931 /* WTCU小助手UITests */,
				04197B4C2961CA82004BC388 /* WTCGExtension */,
			);
		};
/* End PBXProject section */

/* Begin PBXResourcesBuildPhase section */
		04197B4B2961CA82004BC388 /* Resources */ = {
			isa = PBXResourcesBuildPhase;
			buildActionMask = 2147483647;
			files = (
			);
			runOnlyForDeploymentPostprocessing = 0;
		};
		04C2B6B229610F1C00C98931 /* Resources */ = {
			isa = PBXResourcesBuildPhase;
			buildActionMask = 2147483647;
			files = (
				04C2B6BF29610F1D00C98931 /* Assets.xcassets in Resources */,
				04C2B6C229610F1D00C98931 /* Main.storyboard in Resources */,
			);
			runOnlyForDeploymentPostprocessing = 0;
		};
		04C2B6C629610F1E00C98931 /* Resources */ = {
			isa = PBXResourcesBuildPhase;
			buildActionMask = 2147483647;
			files = (
			);
			runOnlyForDeploymentPostprocessing = 0;
		};
		04C2B6D029610F1E00C98931 /* Resources */ = {
			isa = PBXResourcesBuildPhase;
			buildActionMask = 2147483647;
			files = (
			);
			runOnlyForDeploymentPostprocessing = 0;
		};
/* End PBXResourcesBuildPhase section */

/* Begin PBXSourcesBuildPhase section */
		04197B492961CA82004BC388 /* Sources */ = {
			isa = PBXSourcesBuildPhase;
			buildActionMask = 2147483647;
			files = (
			);
			runOnlyForDeploymentPostprocessing = 0;
		};
		04C2B6B029610F1C00C98931 /* Sources */ = {
			isa = PBXSourcesBuildPhase;
			buildActionMask = 2147483647;
			files = (
				04C2B6BD29610F1C00C98931 /* macOS___.xcdatamodeld in Sources */,
				04C2B6BA29610F1C00C98931 /* ViewController.swift in Sources */,
				04C2B6B829610F1C00C98931 /* AppDelegate.swift in Sources */,
			);
			runOnlyForDeploymentPostprocessing = 0;
		};
		04C2B6C429610F1E00C98931 /* Sources */ = {
			isa = PBXSourcesBuildPhase;
			buildActionMask = 2147483647;
			files = (
				04C2B6CD29610F1E00C98931 /* macOS___Tests.swift in Sources */,
			);
			runOnlyForDeploymentPostprocessing = 0;
		};
		04C2B6CE29610F1E00C98931 /* Sources */ = {
			isa = PBXSourcesBuildPhase;
			buildActionMask = 2147483647;
			files = (
				04C2B6D929610F1E00C98931 /* macOS___UITestsLaunchTests.swift in Sources */,
				04C2B6D729610F1E00C98931 /* macOS___UITests.swift in Sources */,
			);
			runOnlyForDeploymentPostprocessing = 0;
		};
/* End PBXSourcesBuildPhase section */

/* Begin PBXTargetDependency section */
		04197B5E2961CA84004BC388 /* PBXTargetDependency */ = {
			isa = PBXTargetDependency;
			target = 04197B4C2961CA82004BC388 /* WTCGExtension */;
			targetProxy = 04197B5D2961CA84004BC388 /* PBXContainerItemProxy */;
		};
		04C2B6CA29610F1E00C98931 /* PBXTargetDependency */ = {
			isa = PBXTargetDependency;
			target = 04C2B6B329610F1C00C98931 /* WTCU小助手 */;
			targetProxy = 04C2B6C929610F1E00C98931 /* PBXContainerItemProxy */;
		};
		04C2B6D429610F1E00C98931 /* PBXTargetDependency */ = {
			isa = PBXTargetDependency;
			target = 04C2B6B329610F1C00C98931 /* WTCU小助手 */;
			targetProxy = 04C2B6D329610F1E00C98931 /* PBXContainerItemProxy */;
		};
/* End PBXTargetDependency section */

/* Begin PBXVariantGroup section */
		04C2B6C029610F1D00C98931 /* Main.storyboard */ = {
			isa = PBXVariantGroup;
			children = (
				04C2B6C129610F1D00C98931 /* Base */,
			);
			name = Main.storyboard;
			sourceTree = "<group>";
		};
/* End PBXVariantGroup section */

/* Begin XCBuildConfiguration section */
		04197B612961CA84004BC388 /* Debug */ = {
			isa = XCBuildConfiguration;
			buildSettings = {
				ASSETCATALOG_COMPILER_GLOBAL_ACCENT_COLOR_NAME = AccentColor;
				ASSETCATALOG_COMPILER_WIDGET_BACKGROUND_COLOR_NAME = WidgetBackground;
				CODE_SIGN_ENTITLEMENTS = WTCG/WTCG.entitlements;
				CODE_SIGN_STYLE = Automatic;
				CURRENT_PROJECT_VERSION = 1;
				GENERATE_INFOPLIST_FILE = YES;
				INFOPLIST_FILE = WTCG/Info.plist;
				INFOPLIST_KEY_CFBundleDisplayName = WTCG;
				INFOPLIST_KEY_NSHumanReadableCopyright = "";
				LD_RUNPATH_SEARCH_PATHS = (
					"$(inherited)",
					"@executable_path/../Frameworks",
					"@executable_path/../../../../Frameworks",
				);
				MACOSX_DEPLOYMENT_TARGET = 11.0;
				MARKETING_VERSION = 1.0;
				PRODUCT_BUNDLE_IDENTIFIER = "PangXitong.macOS---.WTCG";
				PRODUCT_NAME = "$(TARGET_NAME)";
				SKIP_INSTALL = YES;
				SWIFT_EMIT_LOC_STRINGS = YES;
				SWIFT_VERSION = 5.0;
			};
			name = Debug;
		};
		04197B622961CA84004BC388 /* Release */ = {
			isa = XCBuildConfiguration;
			buildSettings = {
				ASSETCATALOG_COMPILER_GLOBAL_ACCENT_COLOR_NAME = AccentColor;
				ASSETCATALOG_COMPILER_WIDGET_BACKGROUND_COLOR_NAME = WidgetBackground;
				CODE_SIGN_ENTITLEMENTS = WTCG/WTCG.entitlements;
				CODE_SIGN_STYLE = Automatic;
				CURRENT_PROJECT_VERSION = 1;
				GENERATE_INFOPLIST_FILE = YES;
				INFOPLIST_FILE = WTCG/Info.plist;
				INFOPLIST_KEY_CFBundleDisplayName = WTCG;
				INFOPLIST_KEY_NSHumanReadableCopyright = "";
				LD_RUNPATH_SEARCH_PATHS = (
					"$(inherited)",
					"@executable_path/../Frameworks",
					"@executable_path/../../../../Frameworks",
				);
				MACOSX_DEPLOYMENT_TARGET = 11.0;
				MARKETING_VERSION = 1.0;
				PRODUCT_BUNDLE_IDENTIFIER = "PangXitong.macOS---.WTCG";
				PRODUCT_NAME = "$(TARGET_NAME)";
				SKIP_INSTALL = YES;
				SWIFT_EMIT_LOC_STRINGS = YES;
				SWIFT_VERSION = 5.0;
			};
			name = Release;
		};
		04C2B6DA29610F1E00C98931 /* Debug */ = {
			isa = XCBuildConfiguration;
			buildSettings = {
				ALWAYS_SEARCH_USER_PATHS = NO;
				CLANG_ANALYZER_NONNULL = YES;
				CLANG_ANALYZER_NUMBER_OBJECT_CONVERSION = YES_AGGRESSIVE;
				CLANG_CXX_LANGUAGE_STANDARD = "gnu++20";
				CLANG_ENABLE_MODULES = YES;
				CLANG_ENABLE_OBJC_ARC = YES;
				CLANG_ENABLE_OBJC_WEAK = YES;
				CLANG_WARN_BLOCK_CAPTURE_AUTORELEASING = YES;
				CLANG_WARN_BOOL_CONVERSION = YES;
				CLANG_WARN_COMMA = YES;
				CLANG_WARN_CONSTANT_CONVERSION = YES;
				CLANG_WARN_DEPRECATED_OBJC_IMPLEMENTATIONS = YES;
				CLANG_WARN_DIRECT_OBJC_ISA_USAGE = YES_ERROR;
				CLANG_WARN_DOCUMENTATION_COMMENTS = YES;
				CLANG_WARN_EMPTY_BODY = YES;
				CLANG_WARN_ENUM_CONVERSION = YES;
				CLANG_WARN_INFINITE_RECURSION = YES;
				CLANG_WARN_INT_CONVERSION = YES;
				CLANG_WARN_NON_LITERAL_NULL_CONVERSION = YES;
				CLANG_WARN_OBJC_IMPLICIT_RETAIN_SELF = YES;
				CLANG_WARN_OBJC_LITERAL_CONVERSION = YES;
				CLANG_WARN_OBJC_ROOT_CLASS = YES_ERROR;
				CLANG_WARN_QUOTED_INCLUDE_IN_FRAMEWORK_HEADER = YES;
				CLANG_WARN_RANGE_LOOP_ANALYSIS = YES;
				CLANG_WARN_STRICT_PROTOTYPES = YES;
				CLANG_WARN_SUSPICIOUS_MOVE = YES;
				CLANG_WARN_UNGUARDED_AVAILABILITY = YES_AGGRESSIVE;
				CLANG_WARN_UNREACHABLE_CODE = YES;
				CLANG_WARN__DUPLICATE_METHOD_MATCH = YES;
				COPY_PHASE_STRIP = NO;
				DEBUG_INFORMATION_FORMAT = dwarf;
				ENABLE_STRICT_OBJC_MSGSEND = YES;
				ENABLE_TESTABILITY = YES;
				GCC_C_LANGUAGE_STANDARD = gnu11;
				GCC_DYNAMIC_NO_PIC = NO;
				GCC_NO_COMMON_BLOCKS = YES;
				GCC_OPTIMIZATION_LEVEL = 0;
				GCC_PREPROCESSOR_DEFINITIONS = (
					"DEBUG=1",
					"$(inherited)",
				);
				GCC_WARN_64_TO_32_BIT_CONVERSION = YES;
				GCC_WARN_ABOUT_RETURN_TYPE = YES_ERROR;
				GCC_WARN_UNDECLARED_SELECTOR = YES;
				GCC_WARN_UNINITIALIZED_AUTOS = YES_AGGRESSIVE;
				GCC_WARN_UNUSED_FUNCTION = YES;
				GCC_WARN_UNUSED_VARIABLE = YES;
				MACOSX_DEPLOYMENT_TARGET = 13.1;
				MTL_ENABLE_DEBUG_INFO = INCLUDE_SOURCE;
				MTL_FAST_MATH = YES;
				ONLY_ACTIVE_ARCH = YES;
				SDKROOT = macosx;
				SWIFT_ACTIVE_COMPILATION_CONDITIONS = DEBUG;
				SWIFT_OPTIMIZATION_LEVEL = "-Onone";
			};
			name = Debug;
		};
		04C2B6DB29610F1E00C98931 /* Release */ = {
			isa = XCBuildConfiguration;
			buildSettings = {
				ALWAYS_SEARCH_USER_PATHS = NO;
				CLANG_ANALYZER_NONNULL = YES;
				CLANG_ANALYZER_NUMBER_OBJECT_CONVERSION = YES_AGGRESSIVE;
				CLANG_CXX_LANGUAGE_STANDARD = "gnu++20";
				CLANG_ENABLE_MODULES = YES;
				CLANG_ENABLE_OBJC_ARC = YES;
				CLANG_ENABLE_OBJC_WEAK = YES;
				CLANG_WARN_BLOCK_CAPTURE_AUTORELEASING = YES;
				CLANG_WARN_BOOL_CONVERSION = YES;
				CLANG_WARN_COMMA = YES;
				CLANG_WARN_CONSTANT_CONVERSION = YES;
				CLANG_WARN_DEPRECATED_OBJC_IMPLEMENTATIONS = YES;
				CLANG_WARN_DIRECT_OBJC_ISA_USAGE = YES_ERROR;
				CLANG_WARN_DOCUMENTATION_COMMENTS = YES;
				CLANG_WARN_EMPTY_BODY = YES;
				CLANG_WARN_ENUM_CONVERSION = YES;
				CLANG_WARN_INFINITE_RECURSION = YES;
				CLANG_WARN_INT_CONVERSION = YES;
				CLANG_WARN_NON_LITERAL_NULL_CONVERSION = YES;
				CLANG_WARN_OBJC_IMPLICIT_RETAIN_SELF = YES;
				CLANG_WARN_OBJC_LITERAL_CONVERSION = YES;
				CLANG_WARN_OBJC_ROOT_CLASS = YES_ERROR;
				CLANG_WARN_QUOTED_INCLUDE_IN_FRAMEWORK_HEADER = YES;
				CLANG_WARN_RANGE_LOOP_ANALYSIS = YES;
				CLANG_WARN_STRICT_PROTOTYPES = YES;
				CLANG_WARN_SUSPICIOUS_MOVE = YES;
				CLANG_WARN_UNGUARDED_AVAILABILITY = YES_AGGRESSIVE;
				CLANG_WARN_UNREACHABLE_CODE = YES;
				CLANG_WARN__DUPLICATE_METHOD_MATCH = YES;
				COPY_PHASE_STRIP = NO;
				DEBUG_INFORMATION_FORMAT = "dwarf-with-dsym";
				ENABLE_NS_ASSERTIONS = NO;
				ENABLE_STRICT_OBJC_MSGSEND = YES;
				GCC_C_LANGUAGE_STANDARD = gnu11;
				GCC_NO_COMMON_BLOCKS = YES;
				GCC_WARN_64_TO_32_BIT_CONVERSION = YES;
				GCC_WARN_ABOUT_RETURN_TYPE = YES_ERROR;
				GCC_WARN_UNDECLARED_SELECTOR = YES;
				GCC_WARN_UNINITIALIZED_AUTOS = YES_AGGRESSIVE;
				GCC_WARN_UNUSED_FUNCTION = YES;
				GCC_WARN_UNUSED_VARIABLE = YES;
				MACOSX_DEPLOYMENT_TARGET = 13.1;
				MTL_ENABLE_DEBUG_INFO = NO;
				MTL_FAST_MATH = YES;
				SDKROOT = macosx;
				SWIFT_COMPILATION_MODE = wholemodule;
				SWIFT_OPTIMIZATION_LEVEL = "-O";
			};
			name = Release;
		};
		04C2B6DD29610F1E00C98931 /* Debug */ = {
			isa = XCBuildConfiguration;
			buildSettings = {
				ASSETCATALOG_COMPILER_APPICON_NAME = AppIcon;
				ASSETCATALOG_COMPILER_GLOBAL_ACCENT_COLOR_NAME = AccentColor;
				CODE_SIGN_ENTITLEMENTS = "macOS小助手/macOS___.entitlements";
				CODE_SIGN_STYLE = Automatic;
				COMBINE_HIDPI_IMAGES = YES;
				CURRENT_PROJECT_VERSION = 1;
				GENERATE_INFOPLIST_FILE = YES;
				INFOPLIST_KEY_NSHumanReadableCopyright = "";
				INFOPLIST_KEY_NSMainStoryboardFile = Main;
				INFOPLIST_KEY_NSPrincipalClass = NSApplication;
				LD_RUNPATH_SEARCH_PATHS = (
					"$(inherited)",
					"@executable_path/../Frameworks",
				);
				MARKETING_VERSION = 1.0;
				PRODUCT_BUNDLE_IDENTIFIER = "PangXitong.macOS---";
				PRODUCT_NAME = "$(TARGET_NAME)";
				SWIFT_EMIT_LOC_STRINGS = YES;
				SWIFT_VERSION = 5.0;
			};
			name = Debug;
		};
		04C2B6DE29610F1E00C98931 /* Release */ = {
			isa = XCBuildConfiguration;
			buildSettings = {
				ASSETCATALOG_COMPILER_APPICON_NAME = AppIcon;
				ASSETCATALOG_COMPILER_GLOBAL_ACCENT_COLOR_NAME = AccentColor;
				CODE_SIGN_ENTITLEMENTS = "macOS小助手/macOS___.entitlements";
				CODE_SIGN_STYLE = Automatic;
				COMBINE_HIDPI_IMAGES = YES;
				CURRENT_PROJECT_VERSION = 1;
				GENERATE_INFOPLIST_FILE = YES;
				INFOPLIST_KEY_NSHumanReadableCopyright = "";
				INFOPLIST_KEY_NSMainStoryboardFile = Main;
				INFOPLIST_KEY_NSPrincipalClass = NSApplication;
				LD_RUNPATH_SEARCH_PATHS = (
					"$(inherited)",
					"@executable_path/../Frameworks",
				);
				MARKETING_VERSION = 1.0;
				PRODUCT_BUNDLE_IDENTIFIER = "PangXitong.macOS---";
				PRODUCT_NAME = "$(TARGET_NAME)";
				SWIFT_EMIT_LOC_STRINGS = YES;
				SWIFT_VERSION = 5.0;
			};
			name = Release;
		};
		04C2B6E029610F1E00C98931 /* Debug */ = {
			isa = XCBuildConfiguration;
			buildSettings = {
				ALWAYS_EMBED_SWIFT_STANDARD_LIBRARIES = YES;
				BUNDLE_LOADER = "$(TEST_HOST)";
				CODE_SIGN_STYLE = Automatic;
				CURRENT_PROJECT_VERSION = 1;
				GENERATE_INFOPLIST_FILE = YES;
				MACOSX_DEPLOYMENT_TARGET = 13.1;
				MARKETING_VERSION = 1.0;
				PRODUCT_BUNDLE_IDENTIFIER = "PangXitong.macOS---Tests";
				PRODUCT_NAME = "$(TARGET_NAME)";
				SWIFT_EMIT_LOC_STRINGS = NO;
				SWIFT_VERSION = 5.0;
				TEST_HOST = "$(BUILT_PRODUCTS_DIR)/WTCU小助手.app/$(BUNDLE_EXECUTABLE_FOLDER_PATH)/WTCU小助手";
			};
			name = Debug;
		};
		04C2B6E129610F1E00C98931 /* Release */ = {
			isa = XCBuildConfiguration;
			buildSettings = {
				ALWAYS_EMBED_SWIFT_STANDARD_LIBRARIES = YES;
				BUNDLE_LOADER = "$(TEST_HOST)";
				CODE_SIGN_STYLE = Automatic;
				CURRENT_PROJECT_VERSION = 1;
				GENERATE_INFOPLIST_FILE = YES;
				MACOSX_DEPLOYMENT_TARGET = 13.1;
				MARKETING_VERSION = 1.0;
				PRODUCT_BUNDLE_IDENTIFIER = "PangXitong.macOS---Tests";
				PRODUCT_NAME = "$(TARGET_NAME)";
				SWIFT_EMIT_LOC_STRINGS = NO;
				SWIFT_VERSION = 5.0;
				TEST_HOST = "$(BUILT_PRODUCTS_DIR)/WTCU小助手.app/$(BUNDLE_EXECUTABLE_FOLDER_PATH)/WTCU小助手";
			};
			name = Release;
		};
		04C2B6E329610F1E00C98931 /* Debug */ = {
			isa = XCBuildConfiguration;
			buildSettings = {
				ALWAYS_EMBED_SWIFT_STANDARD_LIBRARIES = YES;
				CODE_SIGN_STYLE = Automatic;
				CURRENT_PROJECT_VERSION = 1;
				GENERATE_INFOPLIST_FILE = YES;
				MARKETING_VERSION = 1.0;
				PRODUCT_BUNDLE_IDENTIFIER = "PangXitong.macOS---UITests";
				PRODUCT_NAME = "$(TARGET_NAME)";
				SWIFT_EMIT_LOC_STRINGS = YES;
				SWIFT_VERSION = 5.0;
				TEST_TARGET_NAME = "macOS小助手";
			};
			name = Debug;
		};
		04C2B6E429610F1E00C98931 /* Release */ = {
			isa = XCBuildConfiguration;
			buildSettings = {
				ALWAYS_EMBED_SWIFT_STANDARD_LIBRARIES = YES;
				CODE_SIGN_STYLE = Automatic;
				CURRENT_PROJECT_VERSION = 1;
				GENERATE_INFOPLIST_FILE = YES;
				MARKETING_VERSION = 1.0;
				PRODUCT_BUNDLE_IDENTIFIER = "PangXitong.macOS---UITests";
				PRODUCT_NAME = "$(TARGET_NAME)";
				SWIFT_EMIT_LOC_STRINGS = YES;
				SWIFT_VERSION = 5.0;
				TEST_TARGET_NAME = "macOS小助手";
			};
			name = Release;
		};
/* End XCBuildConfiguration section */

/* Begin XCConfigurationList section */
		04197B632961CA84004BC388 /* Build configuration list for PBXNativeTarget "WTCGExtension" */ = {
			isa = XCConfigurationList;
			buildConfigurations = (
				04197B612961CA84004BC388 /* Debug */,
				04197B622961CA84004BC388 /* Release */,
			);
			defaultConfigurationIsVisible = 0;
			defaultConfigurationName = Release;
		};
		04C2B6AF29610F1C00C98931 /* Build configuration list for PBXProject "WTCU小助手" */ = {
			isa = XCConfigurationList;
			buildConfigurations = (
				04C2B6DA29610F1E00C98931 /* Debug */,
				04C2B6DB29610F1E00C98931 /* Release */,
			);
			defaultConfigurationIsVisible = 0;
			defaultConfigurationName = Release;
		};
		04C2B6DC29610F1E00C98931 /* Build configuration list for PBXNativeTarget "WTCU小助手" */ = {
			isa = XCConfigurationList;
			buildConfigurations = (
				04C2B6DD29610F1E00C98931 /* Debug */,
				04C2B6DE29610F1E00C98931 /* Release */,
			);
			defaultConfigurationIsVisible = 0;
			defaultConfigurationName = Release;
		};
		04C2B6DF29610F1E00C98931 /* Build configuration list for PBXNativeTarget "WTCU小助手Tests" */ = {
			isa = XCConfigurationList;
			buildConfigurations = (
				04C2B6E029610F1E00C98931 /* Debug */,
				04C2B6E129610F1E00C98931 /* Release */,
			);
			defaultConfigurationIsVisible = 0;
			defaultConfigurationName = Release;
		};
		04C2B6E229610F1E00C98931 /* Build configuration list for PBXNativeTarget "WTCU小助手UITests" */ = {
			isa = XCConfigurationList;
			buildConfigurations = (
				04C2B6E329610F1E00C98931 /* Debug */,
				04C2B6E429610F1E00C98931 /* Release */,
			);
			defaultConfigurationIsVisible = 0;
			defaultConfigurationName = Release;
		};
/* End XCConfigurationList section */

/* Begin XCVersionGroup section */
		04C2B6BB29610F1C00C98931 /* macOS___.xcdatamodeld */ = {
			isa = XCVersionGroup;
			children = (
				04C2B6BC29610F1C00C98931 /* macOS___.xcdatamodel */,
			);
			currentVersion = 04C2B6BC29610F1C00C98931 /* macOS___.xcdatamodel */;
			path = "macOS___.xcdatamodeld";
			sourceTree = "<group>";
			versionGroupType = wrapper.xcdatamodel;
		};
/* End XCVersionGroup section */
	};
	rootObject = 04C2B6AC29610F1C00C98931 /* Project object */;
}
